{
  "nodes": {
    "agenix": {
      "inputs": {
        "nixpkgs": "nixpkgs"
      },
      "locked": {
        "lastModified": 1662046976,
        "narHash": "sha256-BrTReGRhkVm/Kmmf4zQrL+oYWy0sds/BDBgXNX1CL3c=",
        "owner": "ryantm",
        "repo": "agenix",
        "rev": "9f136ecfa5bf954538aed3245e4408cf87c85097",
        "type": "github"
      },
      "original": {
        "owner": "ryantm",
        "repo": "agenix",
        "type": "github"
      }
    },
    "deploy-rs": {
      "inputs": {
        "flake-compat": "flake-compat",
        "nixpkgs": "nixpkgs_2",
        "utils": "utils"
      },
      "locked": {
        "lastModified": 1659725433,
        "narHash": "sha256-1ZxuK67TL29YLw88vQ18Y2Y6iYg8Jb7I6/HVzmNB6nM=",
        "owner": "serokell",
        "repo": "deploy-rs",
        "rev": "41f15759dd8b638e7b4f299730d94d5aa46ab7eb",
        "type": "github"
      },
      "original": {
        "owner": "serokell",
        "repo": "deploy-rs",
        "type": "github"
      }
    },
    "fenix": {
      "inputs": {
        "nixpkgs": [
          "photos",
          "nixpkgs"
        ],
        "rust-analyzer-src": "rust-analyzer-src"
      },
      "locked": {
        "lastModified": 1662533965,
        "narHash": "sha256-56td0N02VeIOuzyesNWLCwTcoVwP0wuQauUbzh6RpMg=",
        "owner": "nix-community",
        "repo": "fenix",
        "rev": "b5b70debeb3c2f93186eaed7de13674b9783b9d2",
        "type": "github"
      },
      "original": {
        "owner": "nix-community",
        "repo": "fenix",
        "type": "github"
      }
    },
    "flake-compat": {
      "flake": false,
      "locked": {
        "lastModified": 1648199409,
        "narHash": "sha256-JwPKdC2PoVBkG6E+eWw3j6BMR6sL3COpYWfif7RVb8Y=",
        "owner": "edolstra",
        "repo": "flake-compat",
        "rev": "64a525ee38886ab9028e6f61790de0832aa3ef03",
        "type": "github"
      },
      "original": {
        "owner": "edolstra",
        "repo": "flake-compat",
        "type": "github"
      }
    },
    "geomyidae": {
      "locked": {
        "lastModified": 1660647614,
        "narHash": "sha256-uE03pTzb+KOivwyvpsShleUDnlgLWPlNgwQT9wg+N4M=",
        "owner": "~munksgaard",
        "repo": "geomyidae-flake",
        "rev": "25a989ba078a8cc4208d8bb51d0924b50613f6f6",
        "type": "sourcehut"
      },
      "original": {
        "owner": "~munksgaard",
        "repo": "geomyidae-flake",
        "type": "sourcehut"
      }
    },
    "munksgaard-gopher": {
      "inputs": {
        "nixpkgs": "nixpkgs_3"
      },
      "locked": {
        "lastModified": 1663183347,
        "narHash": "sha256-HqFOZbaZtZMlgY1eGNDds4dzZ2So8Z5253WTnJ8Nx90=",
        "owner": "~munksgaard",
        "repo": "munksgaard.me-gopher",
        "rev": "a58ef6fd4c03319267276cc28898885ed3748f93",
        "type": "sourcehut"
      },
      "original": {
        "owner": "~munksgaard",
        "repo": "munksgaard.me-gopher",
        "type": "sourcehut"
      }
    },
    "naersk": {
      "inputs": {
        "nixpkgs": "nixpkgs_5"
      },
      "locked": {
        "lastModified": 1662220400,
        "narHash": "sha256-9o2OGQqu4xyLZP9K6kNe1pTHnyPz0Wr3raGYnr9AIgY=",
        "owner": "nix-community",
        "repo": "naersk",
        "rev": "6944160c19cb591eb85bbf9b2f2768a935623ed3",
        "type": "github"
      },
      "original": {
        "owner": "nix-community",
        "repo": "naersk",
        "type": "github"
      }
    },
    "nixpkgs": {
      "locked": {
        "lastModified": 1638587357,
        "narHash": "sha256-2ySMW3QARG8BsRPmwe7clTbdCuaObromOKewykP+UJc=",
        "owner": "nixos",
        "repo": "nixpkgs",
        "rev": "e34c5379866833f41e2a36f309912fa675d687c7",
        "type": "github"
      },
      "original": {
        "owner": "nixos",
        "ref": "nixos-21.11",
        "repo": "nixpkgs",
        "type": "github"
      }
    },
    "nixpkgs_2": {
      "locked": {
        "lastModified": 1648219316,
        "narHash": "sha256-Ctij+dOi0ZZIfX5eMhgwugfvB+WZSrvVNAyAuANOsnQ=",
        "owner": "NixOS",
        "repo": "nixpkgs",
        "rev": "30d3d79b7d3607d56546dd2a6b49e156ba0ec634",
        "type": "github"
      },
      "original": {
        "owner": "NixOS",
        "ref": "nixpkgs-unstable",
        "repo": "nixpkgs",
        "type": "github"
      }
    },
    "nixpkgs_3": {
      "locked": {
        "lastModified": 1660435756,
        "narHash": "sha256-M2R7f3JvXIyyYyX50YxgasNCnFc0ES8S46eEfv8iIyE=",
        "owner": "NixOS",
        "repo": "nixpkgs",
        "rev": "4fb60f3177290558355e1cdc2e03b9da449c41ef",
        "type": "github"
      },
      "original": {
        "id": "nixpkgs",
        "type": "indirect"
      }
    },
    "nixpkgs_4": {
      "locked": {
        "lastModified": 1661931183,
        "narHash": "sha256-0+2KzcexiJCB3Il5t7cZAM2RXNRfm5/gMCwhcZJxLuQ=",
        "owner": "NixOS",
        "repo": "nixpkgs",
        "rev": "97747d3209efde533f7b1b28f1be11619f556a06",
        "type": "github"
      },
      "original": {
        "owner": "NixOS",
        "ref": "nixos-unstable",
        "repo": "nixpkgs",
        "type": "github"
      }
    },
    "nixpkgs_5": {
      "locked": {
        "lastModified": 1662096612,
        "narHash": "sha256-R+Q8l5JuyJryRPdiIaYpO5O3A55rT+/pItBrKcy7LM4=",
        "owner": "NixOS",
        "repo": "nixpkgs",
        "rev": "21de2b973f9fee595a7a1ac4693efff791245c34",
        "type": "github"
      },
      "original": {
        "id": "nixpkgs",
        "type": "indirect"
      }
    },
    "nixpkgs_6": {
      "locked": {
        "lastModified": 1662096612,
        "narHash": "sha256-R+Q8l5JuyJryRPdiIaYpO5O3A55rT+/pItBrKcy7LM4=",
        "owner": "NixOS",
        "repo": "nixpkgs",
        "rev": "21de2b973f9fee595a7a1ac4693efff791245c34",
        "type": "github"
      },
      "original": {
        "owner": "NixOS",
        "ref": "nixpkgs-unstable",
        "repo": "nixpkgs",
        "type": "github"
      }
    },
    "photos": {
      "inputs": {
        "fenix": "fenix",
        "naersk": "naersk",
        "nixpkgs": "nixpkgs_6"
      },
      "locked": {
        "lastModified": 1663582442,
        "narHash": "sha256-Vyy4BQYufVDWoSGlJDnbUI6Y1JYNFCvBOtQkyLJTMas=",
        "owner": "~munksgaard",
        "repo": "photo-album",
        "rev": "ed18fd9ecc63d350cb365813f0f3c2bee4db78ab",
        "type": "sourcehut"
      },
      "original": {
        "owner": "~munksgaard",
        "repo": "photo-album",
        "type": "sourcehut"
      }
    },
    "root": {
      "inputs": {
        "agenix": "agenix",
        "deploy-rs": "deploy-rs",
        "geomyidae": "geomyidae",
        "munksgaard-gopher": "munksgaard-gopher",
        "nixpkgs": "nixpkgs_4",
        "photos": "photos"
      }
    },
    "rust-analyzer-src": {
      "flake": false,
      "locked": {
        "lastModified": 1662377094,
        "narHash": "sha256-0bvOQxEe8nzk/VlhHBrUn/Mz3DlE92Us7JqveVjTe0A=",
        "owner": "rust-lang",
        "repo": "rust-analyzer",
        "rev": "6dfd8aebdfa1ee1824446f01daf5bdb229b32f92",
        "type": "github"
      },
      "original": {
        "owner": "rust-lang",
        "ref": "nightly",
        "repo": "rust-analyzer",
        "type": "github"
      }
    },
    "utils": {
      "locked": {
        "lastModified": 1648297722,
        "narHash": "sha256-W+qlPsiZd8F3XkzXOzAoR+mpFqzm3ekQkJNa+PIh1BQ=",
        "owner": "numtide",
        "repo": "flake-utils",
        "rev": "0f8662f1319ad6abf89b3380dd2722369fc51ade",
        "type": "github"
      },
      "original": {
        "owner": "numtide",
        "repo": "flake-utils",
        "type": "github"
      }
    }
  },
  "root": "root",
  "version": 7
}
